PODS:
  - MWKits (0.4.0):
    - MWKits/Common (= 0.4.0)
    - MWKits/CountDown (= 0.4.0)
    - MWKits/PhotoLibrary (= 0.4.0)
    - MWKits/Transition (= 0.4.0)
  - MWKits/Common (0.4.0)
  - MWKits/CountDown (0.4.0):
    - MWKits/Common
  - MWKits/PhotoLibrary (0.4.0):
    - MWKits/Common
  - MWKits/Transition (0.4.0):
    - MWKits/Common

DEPENDENCIES:
  - MWKits (from `../`)

EXTERNAL SOURCES:
  MWKits:
    :path: "../"

SPEC CHECKSUMS:
  MWKits: 614457340d4c991d86c40a86e70b2f72e3806860

PODFILE CHECKSUM: 976d72c248dcca0746868f48892bd347b0dc9137

COCOAPODS: 1.6.0.beta.2
