PODS:
  - MWKits (0.4.0):
    - MWKits/Common (= 0.4.0)
    - MWKits/CountDown (= 0.4.0)
    - MWKits/PhotoLibrary (= 0.4.0)
    - MWKits/Transition (= 0.4.0)
  - MWKits/Common (0.4.0)
  - MWKits/CountDown (0.4.0):
    - MWKits/Common
  - MWKits/PhotoLibrary (0.4.0):
    - MWKits/Common
    - SDWebImage
  - MWKits/Transition (0.4.0):
    - MWKits/Common
  - SDWebImage (4.4.3):
    - SDWebImage/Core (= 4.4.3)
  - SDWebImage/Core (4.4.3)

DEPENDENCIES:
  - MWKits (from `../`)

SPEC REPOS:
  https://github.com/cocoapods/specs.git:
    - SDWebImage

EXTERNAL SOURCES:
  MWKits:
    :path: "../"

SPEC CHECKSUMS:
  MWKits: 047615e020993aef4c890ed0584f96b56968e9f9
  SDWebImage: c5594f1a19c48d526d321e548902b56b479cd508

PODFILE CHECKSUM: 976d72c248dcca0746868f48892bd347b0dc9137

COCOAPODS: 1.6.0.beta.2
